
Microsoft Visual Studio Solution File, Format Version 12.00
# Visual Studio Version 17
VisualStudioVersion = 17.0.31903.59
MinimumVisualStudioVersion = 10.0.40219.1
Project("{FAE04EC0-301F-11D3-BF4B-00C04F79EFBC}") = "TodoApi", "TodoApi\TodoApi.csproj", "{DCC03B41-1D14-4FE0-A6FD-F491F179D390}"
EndProject
Project("{FAE04EC0-301F-11D3-BF4B-00C04F79EFBC}") = "TodoApi.Tests", "TodoApi.Tests\TodoApi.Tests.csproj", "{1DFB5001-B0B7-42F4-BAC2-C2C9BC8C00AB}"
EndProject
Global
	GlobalSection(SolutionConfigurationPlatforms) = preSolution
		Debug|Any CPU = Debug|Any CPU
		Release|Any CPU = Release|Any CPU
	EndGlobalSection
	GlobalSection(SolutionProperties) = preSolution
		HideSolutionNode = FALSE
	EndGlobalSection
	GlobalSection(ProjectConfigurationPlatforms) = postSolution
		{DCC03B41-1D14-4FE0-A6FD-F491F179D390}.Debug|Any CPU.ActiveCfg = Debug|Any CPU
		{DCC03B41-1D14-4FE0-A6FD-F491F179D390}.Debug|Any CPU.Build.0 = Debug|Any CPU
		{DCC03B41-1D14-4FE0-A6FD-F491F179D390}.Release|Any CPU.ActiveCfg = Release|Any CPU
		{DCC03B41-1D14-4FE0-A6FD-F491F179D390}.Release|Any CPU.Build.0 = Release|Any CPU
		{1DFB5001-B0B7-42F4-BAC2-C2C9BC8C00AB}.Debug|Any CPU.ActiveCfg = Debug|Any CPU
		{1DFB5001-B0B7-42F4-BAC2-C2C9BC8C00AB}.Debug|Any CPU.Build.0 = Debug|Any CPU
		{1DFB5001-B0B7-42F4-BAC2-C2C9BC8C00AB}.Release|Any CPU.ActiveCfg = Release|Any CPU
		{1DFB5001-B0B7-42F4-BAC2-C2C9BC8C00AB}.Release|Any CPU.Build.0 = Release|Any CPU
	EndGlobalSection
EndGlobal
